
Microsoft Visual Studio Solution File, Format Version 12.00
# Visual Studio Version 16
VisualStudioVersion = 16.0.33927.289
MinimumVisualStudioVersion = 10.0.40219.1
Project("{9A19103F-16F7-4668-BE54-9A1E7A4F7556}") = "RobiatsBookStore2", "RobiatsBookStore2\RobiatsBookStore2.csproj", "{548A6995-653F-4C0A-B86F-9DD4B2E3B4F6}"
EndProject
Project("{FAE04EC0-301F-11D3-BF4B-00C04F79EFBC}") = "RobiatsBook.DataAccess", "RobiatsBook.DataAccess\RobiatsBook.DataAccess.csproj", "{CCA57E35-791D-4F59-A305-8B2A749D1217}"
EndProject
Project("{FAE04EC0-301F-11D3-BF4B-00C04F79EFBC}") = "RobiatsBook.Models", "RobiatsBook.Models\RobiatsBook.Models.csproj", "{A22D9FD1-B7DA-42B6-A255-ED2784E4BB0B}"
EndProject
Project("{FAE04EC0-301F-11D3-BF4B-00C04F79EFBC}") = "RobiatsBook.Utility", "RobiatsBook.Utility\RobiatsBook.Utility.csproj", "{D3EC0135-B915-45F7-8EEA-9C07F0F25F19}"
EndProject
Global
	GlobalSection(SolutionConfigurationPlatforms) = preSolution
		Debug|Any CPU = Debug|Any CPU
		Release|Any CPU = Release|Any CPU
	EndGlobalSection
	GlobalSection(ProjectConfigurationPlatforms) = postSolution
		{548A6995-653F-4C0A-B86F-9DD4B2E3B4F6}.Debug|Any CPU.ActiveCfg = Debug|Any CPU
		{548A6995-653F-4C0A-B86F-9DD4B2E3B4F6}.Debug|Any CPU.Build.0 = Debug|Any CPU
		{548A6995-653F-4C0A-B86F-9DD4B2E3B4F6}.Release|Any CPU.ActiveCfg = Release|Any CPU
		{548A6995-653F-4C0A-B86F-9DD4B2E3B4F6}.Release|Any CPU.Build.0 = Release|Any CPU
		{CCA57E35-791D-4F59-A305-8B2A749D1217}.Debug|Any CPU.ActiveCfg = Debug|Any CPU
		{CCA57E35-791D-4F59-A305-8B2A749D1217}.Debug|Any CPU.Build.0 = Debug|Any CPU
		{CCA57E35-791D-4F59-A305-8B2A749D1217}.Release|Any CPU.ActiveCfg = Release|Any CPU
		{CCA57E35-791D-4F59-A305-8B2A749D1217}.Release|Any CPU.Build.0 = Release|Any CPU
		{A22D9FD1-B7DA-42B6-A255-ED2784E4BB0B}.Debug|Any CPU.ActiveCfg = Debug|Any CPU
		{A22D9FD1-B7DA-42B6-A255-ED2784E4BB0B}.Debug|Any CPU.Build.0 = Debug|Any CPU
		{A22D9FD1-B7DA-42B6-A255-ED2784E4BB0B}.Release|Any CPU.ActiveCfg = Release|Any CPU
		{A22D9FD1-B7DA-42B6-A255-ED2784E4BB0B}.Release|Any CPU.Build.0 = Release|Any CPU
		{D3EC0135-B915-45F7-8EEA-9C07F0F25F19}.Debug|Any CPU.ActiveCfg = Debug|Any CPU
		{D3EC0135-B915-45F7-8EEA-9C07F0F25F19}.Debug|Any CPU.Build.0 = Debug|Any CPU
		{D3EC0135-B915-45F7-8EEA-9C07F0F25F19}.Release|Any CPU.ActiveCfg = Release|Any CPU
		{D3EC0135-B915-45F7-8EEA-9C07F0F25F19}.Release|Any CPU.Build.0 = Release|Any CPU
	EndGlobalSection
	GlobalSection(SolutionProperties) = preSolution
		HideSolutionNode = FALSE
	EndGlobalSection
	GlobalSection(ExtensibilityGlobals) = postSolution
		SolutionGuid = {6FFC2489-2910-44CC-9DD6-A2E2C89E9022}
	EndGlobalSection
EndGlobal
