
Microsoft Visual Studio Solution File, Format Version 12.00
# Visual Studio Version 16
VisualStudioVersion = 16.0.33927.289
MinimumVisualStudioVersion = 10.0.40219.1
Project("{FAE04EC0-301F-11D3-BF4B-00C04F79EFBC}") = "RobiatsBookStore2", "RobiatsBookStore2\RobiatsBookStore2.csproj", "{548A6995-653F-4C0A-B86F-9DD4B2E3B4F6}"
EndProject
Global
	GlobalSection(SolutionConfigurationPlatforms) = preSolution
		Debug|Any CPU = Debug|Any CPU
		Release|Any CPU = Release|Any CPU
	EndGlobalSection
	GlobalSection(ProjectConfigurationPlatforms) = postSolution
		{548A6995-653F-4C0A-B86F-9DD4B2E3B4F6}.Debug|Any CPU.ActiveCfg = Debug|Any CPU
		{548A6995-653F-4C0A-B86F-9DD4B2E3B4F6}.Debug|Any CPU.Build.0 = Debug|Any CPU
		{548A6995-653F-4C0A-B86F-9DD4B2E3B4F6}.Release|Any CPU.ActiveCfg = Release|Any CPU
		{548A6995-653F-4C0A-B86F-9DD4B2E3B4F6}.Release|Any CPU.Build.0 = Release|Any CPU
	EndGlobalSection
	GlobalSection(SolutionProperties) = preSolution
		HideSolutionNode = FALSE
	EndGlobalSection
	GlobalSection(ExtensibilityGlobals) = postSolution
		SolutionGuid = {6FFC2489-2910-44CC-9DD6-A2E2C89E9022}
	EndGlobalSection
EndGlobal
